
Microsoft Visual Studio Solution File, Format Version 12.00
# Visual Studio Version 17
VisualStudioVersion = 17.3.32929.385
MinimumVisualStudioVersion = 10.0.40219.1
Project("{2150E333-8FDC-42A3-9474-1A3956D46DE8}") = "Services", "Services", "{7B82781F-D49E-4181-99D7-D10F1E823097}"
EndProject
Project("{2150E333-8FDC-42A3-9474-1A3956D46DE8}") = "Catalog", "Catalog", "{79E66C51-0211-4CE0-8C9A-53A4A1E4413D}"
EndProject
Project("{FAE04EC0-301F-11D3-BF4B-00C04F79EFBC}") = "Catalog.API", "Services\Catalog\Catalog.API\Catalog.API.csproj", "{42B9AB97-CCEE-4EA3-80BA-BCDF9F9A7A18}"
EndProject
Global
	GlobalSection(SolutionConfigurationPlatforms) = preSolution
		Debug|Any CPU = Debug|Any CPU
		Release|Any CPU = Release|Any CPU
	EndGlobalSection
	GlobalSection(ProjectConfigurationPlatforms) = postSolution
		{42B9AB97-CCEE-4EA3-80BA-BCDF9F9A7A18}.Debug|Any CPU.ActiveCfg = Debug|Any CPU
		{42B9AB97-CCEE-4EA3-80BA-BCDF9F9A7A18}.Debug|Any CPU.Build.0 = Debug|Any CPU
		{42B9AB97-CCEE-4EA3-80BA-BCDF9F9A7A18}.Release|Any CPU.ActiveCfg = Release|Any CPU
		{42B9AB97-CCEE-4EA3-80BA-BCDF9F9A7A18}.Release|Any CPU.Build.0 = Release|Any CPU
	EndGlobalSection
	GlobalSection(SolutionProperties) = preSolution
		HideSolutionNode = FALSE
	EndGlobalSection
	GlobalSection(NestedProjects) = preSolution
		{79E66C51-0211-4CE0-8C9A-53A4A1E4413D} = {7B82781F-D49E-4181-99D7-D10F1E823097}
		{42B9AB97-CCEE-4EA3-80BA-BCDF9F9A7A18} = {79E66C51-0211-4CE0-8C9A-53A4A1E4413D}
	EndGlobalSection
	GlobalSection(ExtensibilityGlobals) = postSolution
		SolutionGuid = {A163052F-9986-4999-AB94-9924AC62BAE6}
	EndGlobalSection
EndGlobal
